
Microsoft Visual Studio Solution File, Format Version 12.00
# Visual Studio 15
Project("{FAE04EC0-301F-11D3-BF4B-00C04F79EFBC}") = "13_Visitor", "13_Visitor\13_Visitor.csproj", "{19792AA9-899A-4A6C-BB2A-792F1111888C}"
EndProject
Project("{FAE04EC0-301F-11D3-BF4B-00C04F79EFBC}") = "14_ChainOfResponsibility", "14_ChainOfResponsibility\14_ChainOfResponsibility.csproj", "{CA754533-1F18-4165-862A-5A799E4FD2FB}"
EndProject
Project("{FAE04EC0-301F-11D3-BF4B-00C04F79EFBC}") = "15_Facade", "15_Facade\15_Facade.csproj", "{9BA5D0EC-7EB4-442E-A251-4B6DF8BF93A8}"
EndProject
Project("{FAE04EC0-301F-11D3-BF4B-00C04F79EFBC}") = "16_Mediator", "16_Mediator\16_Mediator.csproj", "{4EDE74CD-C450-4833-BEF4-4AD6A9DC8746}"
EndProject
Project("{FAE04EC0-301F-11D3-BF4B-00C04F79EFBC}") = "17_Observer", "17_Observer\17_Observer.csproj", "{5F81934F-CBC0-4257-80BA-BE8BEDDC986F}"
EndProject
Project("{FAE04EC0-301F-11D3-BF4B-00C04F79EFBC}") = "18_Memento", "18_Memento\18_Memento.csproj", "{D0D4995F-63B5-41E3-B89D-2FD7AB46A58D}"
EndProject
Project("{FAE04EC0-301F-11D3-BF4B-00C04F79EFBC}") = "19_State", "19_State\19_State.csproj", "{3F094741-AC52-4571-8BF0-32C98A85085F}"
EndProject
Project("{FAE04EC0-301F-11D3-BF4B-00C04F79EFBC}") = "20_Flyweight", "20_Flyweight\20_Flyweight.csproj", "{79154C92-E98E-46BC-BACC-1BCF617A8F3F}"
EndProject
Project("{FAE04EC0-301F-11D3-BF4B-00C04F79EFBC}") = "21_Proxy", "21_Proxy\21_Proxy.csproj", "{1971E03C-A065-44C9-B603-C58645A1DDC8}"
EndProject
Project("{FAE04EC0-301F-11D3-BF4B-00C04F79EFBC}") = "22_Command", "22_Command\22_Command.csproj", "{EDAEACFE-8F7A-47EE-B23C-B3986DB66C3B}"
EndProject
Project("{FAE04EC0-301F-11D3-BF4B-00C04F79EFBC}") = "23_Interpreter", "23_Interpreter\23_Interpreter.csproj", "{B2D3C17D-BA31-41E7-B0E1-FA4F564DAD92}"
EndProject
Project("{FAE04EC0-301F-11D3-BF4B-00C04F79EFBC}") = "01_Iterator", "01_Iterator\01_Iterator.csproj", "{3A4E7EB3-CFB3-4152-B188-79A4C41A63FE}"
EndProject
Project("{FAE04EC0-301F-11D3-BF4B-00C04F79EFBC}") = "02_Adapter", "02_Adapter\02_Adapter.csproj", "{6C0715F3-AD5A-49AA-AC78-D4C2BDD8C8AB}"
EndProject
Project("{FAE04EC0-301F-11D3-BF4B-00C04F79EFBC}") = "03_TemplateMethod", "03_TemplateMethod\03_TemplateMethod.csproj", "{F057BCE9-0BF2-4807-8AEA-C17BC54E83F4}"
EndProject
Project("{FAE04EC0-301F-11D3-BF4B-00C04F79EFBC}") = "04_FactoryMethod", "04_FactoryMethod\04_FactoryMethod.csproj", "{4B438915-EC98-414D-B493-889340AB696E}"
EndProject
Project("{FAE04EC0-301F-11D3-BF4B-00C04F79EFBC}") = "05_Singleton", "05_Singleton\05_Singleton.csproj", "{89F6EA5F-B08B-4E26-9E15-F02A49FD598D}"
EndProject
Project("{FAE04EC0-301F-11D3-BF4B-00C04F79EFBC}") = "06_Prototype", "06_Prototype\06_Prototype.csproj", "{5C3EDEC8-13E3-449E-8F98-685785BFA988}"
EndProject
Project("{FAE04EC0-301F-11D3-BF4B-00C04F79EFBC}") = "07_Builder", "07_Builder\07_Builder.csproj", "{A0D2FC99-6CD5-4E70-8FC0-ADF564175F28}"
EndProject
Project("{FAE04EC0-301F-11D3-BF4B-00C04F79EFBC}") = "08_AbstractFactory", "08_AbstractFactory\08_AbstractFactory.csproj", "{EA8D1F23-BC1C-44F7-94D6-AD334DF53F64}"
EndProject
Project("{FAE04EC0-301F-11D3-BF4B-00C04F79EFBC}") = "09_Bridge", "09_Bridge\09_Bridge.csproj", "{D05EBC9D-2A28-4C84-83C2-CBD31CE68A29}"
EndProject
Project("{FAE04EC0-301F-11D3-BF4B-00C04F79EFBC}") = "10_Strategy", "10_Strategy\10_Strategy.csproj", "{917936A3-DED4-40F6-BA08-78ACD0EECEE6}"
EndProject
Project("{FAE04EC0-301F-11D3-BF4B-00C04F79EFBC}") = "11_Composite", "11_Composite\11_Composite.csproj", "{A75DFDFE-3BA4-4360-9F6C-6421DA97168A}"
EndProject
Project("{FAE04EC0-301F-11D3-BF4B-00C04F79EFBC}") = "12_Decorator", "12_Decorator\12_Decorator.csproj", "{141FBD90-9460-4236-98BB-1AC2F434BD15}"
EndProject
Global
	GlobalSection(SolutionConfigurationPlatforms) = preSolution
		Debug|Any CPU = Debug|Any CPU
		Release|Any CPU = Release|Any CPU
	EndGlobalSection
	GlobalSection(ProjectConfigurationPlatforms) = postSolution
		{19792AA9-899A-4A6C-BB2A-792F1111888C}.Debug|Any CPU.ActiveCfg = Debug|Any CPU
		{19792AA9-899A-4A6C-BB2A-792F1111888C}.Debug|Any CPU.Build.0 = Debug|Any CPU
		{19792AA9-899A-4A6C-BB2A-792F1111888C}.Release|Any CPU.ActiveCfg = Release|Any CPU
		{19792AA9-899A-4A6C-BB2A-792F1111888C}.Release|Any CPU.Build.0 = Release|Any CPU
		{CA754533-1F18-4165-862A-5A799E4FD2FB}.Debug|Any CPU.ActiveCfg = Debug|Any CPU
		{CA754533-1F18-4165-862A-5A799E4FD2FB}.Debug|Any CPU.Build.0 = Debug|Any CPU
		{CA754533-1F18-4165-862A-5A799E4FD2FB}.Release|Any CPU.ActiveCfg = Release|Any CPU
		{CA754533-1F18-4165-862A-5A799E4FD2FB}.Release|Any CPU.Build.0 = Release|Any CPU
		{9BA5D0EC-7EB4-442E-A251-4B6DF8BF93A8}.Debug|Any CPU.ActiveCfg = Debug|Any CPU
		{9BA5D0EC-7EB4-442E-A251-4B6DF8BF93A8}.Debug|Any CPU.Build.0 = Debug|Any CPU
		{9BA5D0EC-7EB4-442E-A251-4B6DF8BF93A8}.Release|Any CPU.ActiveCfg = Release|Any CPU
		{9BA5D0EC-7EB4-442E-A251-4B6DF8BF93A8}.Release|Any CPU.Build.0 = Release|Any CPU
		{4EDE74CD-C450-4833-BEF4-4AD6A9DC8746}.Debug|Any CPU.ActiveCfg = Debug|Any CPU
		{4EDE74CD-C450-4833-BEF4-4AD6A9DC8746}.Debug|Any CPU.Build.0 = Debug|Any CPU
		{4EDE74CD-C450-4833-BEF4-4AD6A9DC8746}.Release|Any CPU.ActiveCfg = Release|Any CPU
		{4EDE74CD-C450-4833-BEF4-4AD6A9DC8746}.Release|Any CPU.Build.0 = Release|Any CPU
		{5F81934F-CBC0-4257-80BA-BE8BEDDC986F}.Debug|Any CPU.ActiveCfg = Debug|Any CPU
		{5F81934F-CBC0-4257-80BA-BE8BEDDC986F}.Debug|Any CPU.Build.0 = Debug|Any CPU
		{5F81934F-CBC0-4257-80BA-BE8BEDDC986F}.Release|Any CPU.ActiveCfg = Release|Any CPU
		{5F81934F-CBC0-4257-80BA-BE8BEDDC986F}.Release|Any CPU.Build.0 = Release|Any CPU
		{D0D4995F-63B5-41E3-B89D-2FD7AB46A58D}.Debug|Any CPU.ActiveCfg = Debug|Any CPU
		{D0D4995F-63B5-41E3-B89D-2FD7AB46A58D}.Debug|Any CPU.Build.0 = Debug|Any CPU
		{D0D4995F-63B5-41E3-B89D-2FD7AB46A58D}.Release|Any CPU.ActiveCfg = Release|Any CPU
		{D0D4995F-63B5-41E3-B89D-2FD7AB46A58D}.Release|Any CPU.Build.0 = Release|Any CPU
		{3F094741-AC52-4571-8BF0-32C98A85085F}.Debug|Any CPU.ActiveCfg = Debug|Any CPU
		{3F094741-AC52-4571-8BF0-32C98A85085F}.Debug|Any CPU.Build.0 = Debug|Any CPU
		{3F094741-AC52-4571-8BF0-32C98A85085F}.Release|Any CPU.ActiveCfg = Release|Any CPU
		{3F094741-AC52-4571-8BF0-32C98A85085F}.Release|Any CPU.Build.0 = Release|Any CPU
		{79154C92-E98E-46BC-BACC-1BCF617A8F3F}.Debug|Any CPU.ActiveCfg = Debug|Any CPU
		{79154C92-E98E-46BC-BACC-1BCF617A8F3F}.Debug|Any CPU.Build.0 = Debug|Any CPU
		{79154C92-E98E-46BC-BACC-1BCF617A8F3F}.Release|Any CPU.ActiveCfg = Release|Any CPU
		{79154C92-E98E-46BC-BACC-1BCF617A8F3F}.Release|Any CPU.Build.0 = Release|Any CPU
		{1971E03C-A065-44C9-B603-C58645A1DDC8}.Debug|Any CPU.ActiveCfg = Debug|Any CPU
		{1971E03C-A065-44C9-B603-C58645A1DDC8}.Debug|Any CPU.Build.0 = Debug|Any CPU
		{1971E03C-A065-44C9-B603-C58645A1DDC8}.Release|Any CPU.ActiveCfg = Release|Any CPU
		{1971E03C-A065-44C9-B603-C58645A1DDC8}.Release|Any CPU.Build.0 = Release|Any CPU
		{EDAEACFE-8F7A-47EE-B23C-B3986DB66C3B}.Debug|Any CPU.ActiveCfg = Debug|Any CPU
		{EDAEACFE-8F7A-47EE-B23C-B3986DB66C3B}.Debug|Any CPU.Build.0 = Debug|Any CPU
		{EDAEACFE-8F7A-47EE-B23C-B3986DB66C3B}.Release|Any CPU.ActiveCfg = Release|Any CPU
		{EDAEACFE-8F7A-47EE-B23C-B3986DB66C3B}.Release|Any CPU.Build.0 = Release|Any CPU
		{B2D3C17D-BA31-41E7-B0E1-FA4F564DAD92}.Debug|Any CPU.ActiveCfg = Debug|Any CPU
		{B2D3C17D-BA31-41E7-B0E1-FA4F564DAD92}.Debug|Any CPU.Build.0 = Debug|Any CPU
		{B2D3C17D-BA31-41E7-B0E1-FA4F564DAD92}.Release|Any CPU.ActiveCfg = Release|Any CPU
		{B2D3C17D-BA31-41E7-B0E1-FA4F564DAD92}.Release|Any CPU.Build.0 = Release|Any CPU
		{3A4E7EB3-CFB3-4152-B188-79A4C41A63FE}.Debug|Any CPU.ActiveCfg = Debug|Any CPU
		{3A4E7EB3-CFB3-4152-B188-79A4C41A63FE}.Debug|Any CPU.Build.0 = Debug|Any CPU
		{3A4E7EB3-CFB3-4152-B188-79A4C41A63FE}.Release|Any CPU.ActiveCfg = Release|Any CPU
		{3A4E7EB3-CFB3-4152-B188-79A4C41A63FE}.Release|Any CPU.Build.0 = Release|Any CPU
		{6C0715F3-AD5A-49AA-AC78-D4C2BDD8C8AB}.Debug|Any CPU.ActiveCfg = Debug|Any CPU
		{6C0715F3-AD5A-49AA-AC78-D4C2BDD8C8AB}.Debug|Any CPU.Build.0 = Debug|Any CPU
		{6C0715F3-AD5A-49AA-AC78-D4C2BDD8C8AB}.Release|Any CPU.ActiveCfg = Release|Any CPU
		{6C0715F3-AD5A-49AA-AC78-D4C2BDD8C8AB}.Release|Any CPU.Build.0 = Release|Any CPU
		{F057BCE9-0BF2-4807-8AEA-C17BC54E83F4}.Debug|Any CPU.ActiveCfg = Debug|Any CPU
		{F057BCE9-0BF2-4807-8AEA-C17BC54E83F4}.Debug|Any CPU.Build.0 = Debug|Any CPU
		{F057BCE9-0BF2-4807-8AEA-C17BC54E83F4}.Release|Any CPU.ActiveCfg = Release|Any CPU
		{F057BCE9-0BF2-4807-8AEA-C17BC54E83F4}.Release|Any CPU.Build.0 = Release|Any CPU
		{4B438915-EC98-414D-B493-889340AB696E}.Debug|Any CPU.ActiveCfg = Debug|Any CPU
		{4B438915-EC98-414D-B493-889340AB696E}.Debug|Any CPU.Build.0 = Debug|Any CPU
		{4B438915-EC98-414D-B493-889340AB696E}.Release|Any CPU.ActiveCfg = Release|Any CPU
		{4B438915-EC98-414D-B493-889340AB696E}.Release|Any CPU.Build.0 = Release|Any CPU
		{89F6EA5F-B08B-4E26-9E15-F02A49FD598D}.Debug|Any CPU.ActiveCfg = Debug|Any CPU
		{89F6EA5F-B08B-4E26-9E15-F02A49FD598D}.Debug|Any CPU.Build.0 = Debug|Any CPU
		{89F6EA5F-B08B-4E26-9E15-F02A49FD598D}.Release|Any CPU.ActiveCfg = Release|Any CPU
		{89F6EA5F-B08B-4E26-9E15-F02A49FD598D}.Release|Any CPU.Build.0 = Release|Any CPU
		{5C3EDEC8-13E3-449E-8F98-685785BFA988}.Debug|Any CPU.ActiveCfg = Debug|Any CPU
		{5C3EDEC8-13E3-449E-8F98-685785BFA988}.Debug|Any CPU.Build.0 = Debug|Any CPU
		{5C3EDEC8-13E3-449E-8F98-685785BFA988}.Release|Any CPU.ActiveCfg = Release|Any CPU
		{5C3EDEC8-13E3-449E-8F98-685785BFA988}.Release|Any CPU.Build.0 = Release|Any CPU
		{A0D2FC99-6CD5-4E70-8FC0-ADF564175F28}.Debug|Any CPU.ActiveCfg = Debug|Any CPU
		{A0D2FC99-6CD5-4E70-8FC0-ADF564175F28}.Debug|Any CPU.Build.0 = Debug|Any CPU
		{A0D2FC99-6CD5-4E70-8FC0-ADF564175F28}.Release|Any CPU.ActiveCfg = Release|Any CPU
		{A0D2FC99-6CD5-4E70-8FC0-ADF564175F28}.Release|Any CPU.Build.0 = Release|Any CPU
		{EA8D1F23-BC1C-44F7-94D6-AD334DF53F64}.Debug|Any CPU.ActiveCfg = Debug|Any CPU
		{EA8D1F23-BC1C-44F7-94D6-AD334DF53F64}.Debug|Any CPU.Build.0 = Debug|Any CPU
		{EA8D1F23-BC1C-44F7-94D6-AD334DF53F64}.Release|Any CPU.ActiveCfg = Release|Any CPU
		{EA8D1F23-BC1C-44F7-94D6-AD334DF53F64}.Release|Any CPU.Build.0 = Release|Any CPU
		{D05EBC9D-2A28-4C84-83C2-CBD31CE68A29}.Debug|Any CPU.ActiveCfg = Debug|Any CPU
		{D05EBC9D-2A28-4C84-83C2-CBD31CE68A29}.Debug|Any CPU.Build.0 = Debug|Any CPU
		{D05EBC9D-2A28-4C84-83C2-CBD31CE68A29}.Release|Any CPU.ActiveCfg = Release|Any CPU
		{D05EBC9D-2A28-4C84-83C2-CBD31CE68A29}.Release|Any CPU.Build.0 = Release|Any CPU
		{917936A3-DED4-40F6-BA08-78ACD0EECEE6}.Debug|Any CPU.ActiveCfg = Debug|Any CPU
		{917936A3-DED4-40F6-BA08-78ACD0EECEE6}.Debug|Any CPU.Build.0 = Debug|Any CPU
		{917936A3-DED4-40F6-BA08-78ACD0EECEE6}.Release|Any CPU.ActiveCfg = Release|Any CPU
		{917936A3-DED4-40F6-BA08-78ACD0EECEE6}.Release|Any CPU.Build.0 = Release|Any CPU
		{A75DFDFE-3BA4-4360-9F6C-6421DA97168A}.Debug|Any CPU.ActiveCfg = Debug|Any CPU
		{A75DFDFE-3BA4-4360-9F6C-6421DA97168A}.Debug|Any CPU.Build.0 = Debug|Any CPU
		{A75DFDFE-3BA4-4360-9F6C-6421DA97168A}.Release|Any CPU.ActiveCfg = Release|Any CPU
		{A75DFDFE-3BA4-4360-9F6C-6421DA97168A}.Release|Any CPU.Build.0 = Release|Any CPU
		{141FBD90-9460-4236-98BB-1AC2F434BD15}.Debug|Any CPU.ActiveCfg = Debug|Any CPU
		{141FBD90-9460-4236-98BB-1AC2F434BD15}.Debug|Any CPU.Build.0 = Debug|Any CPU
		{141FBD90-9460-4236-98BB-1AC2F434BD15}.Release|Any CPU.ActiveCfg = Release|Any CPU
		{141FBD90-9460-4236-98BB-1AC2F434BD15}.Release|Any CPU.Build.0 = Release|Any CPU
	EndGlobalSection
EndGlobal
