
Microsoft Visual Studio Solution File, Format Version 12.00
# Visual Studio 15
Project("{FAE04EC0-301F-11D3-BF4B-00C04F79EFBC}") = "01_Iterator", "Iterator\01_Iterator.csproj", "{9C89CDA9-5F82-42AE-BDBD-FA53E3C234E9}"
EndProject
Project("{FAE04EC0-301F-11D3-BF4B-00C04F79EFBC}") = "02_Adapter", "Adapter\02_Adapter.csproj", "{614F9FDD-E638-4B51-B363-48F93B30EC2C}"
EndProject
Project("{FAE04EC0-301F-11D3-BF4B-00C04F79EFBC}") = "03_TemplateMethod", "TemplateMethod\03_TemplateMethod.csproj", "{E47854DE-1D3B-4BEF-9465-C03BCE7EFB13}"
EndProject
Project("{FAE04EC0-301F-11D3-BF4B-00C04F79EFBC}") = "04_FactoryMethod", "FactoryMethod\04_FactoryMethod.csproj", "{22D2ADCB-2696-4F1D-9CB4-644C13B9DDB7}"
EndProject
Project("{FAE04EC0-301F-11D3-BF4B-00C04F79EFBC}") = "05_Singleton", "Singleton\05_Singleton.csproj", "{4A7DE62B-B2C1-4648-8B2D-E27DB6E58988}"
EndProject
Project("{FAE04EC0-301F-11D3-BF4B-00C04F79EFBC}") = "06_Prototype", "Prototype\06_Prototype.csproj", "{0274C4BC-0FE8-4B7B-AC2D-D842B39A30BC}"
EndProject
Project("{FAE04EC0-301F-11D3-BF4B-00C04F79EFBC}") = "07_Builder", "Builder\07_Builder.csproj", "{D81F9FF8-BC80-4327-8E94-6BB10F025581}"
EndProject
Project("{FAE04EC0-301F-11D3-BF4B-00C04F79EFBC}") = "08_AbstractFactory", "AbstractFactory\08_AbstractFactory.csproj", "{4C0DFE9C-8B32-4AFE-B697-0B00FE983A09}"
EndProject
Project("{FAE04EC0-301F-11D3-BF4B-00C04F79EFBC}") = "09_Bridge", "Bridge\09_Bridge.csproj", "{40B6F85B-D5B0-4EE7-BFDA-6F5450216E08}"
EndProject
Project("{FAE04EC0-301F-11D3-BF4B-00C04F79EFBC}") = "10_Strategy", "Strategy\10_Strategy.csproj", "{EF252E1E-075A-4D12-89D2-3619425C9095}"
EndProject
Project("{FAE04EC0-301F-11D3-BF4B-00C04F79EFBC}") = "11_Composite", "Composite\11_Composite.csproj", "{F118C352-0778-437C-BF25-6C809436BE7F}"
EndProject
Project("{FAE04EC0-301F-11D3-BF4B-00C04F79EFBC}") = "12_Decorator", "Decorator\12_Decorator.csproj", "{5A2C372A-E46B-4777-8178-A8A898731E8C}"
EndProject
Project("{FAE04EC0-301F-11D3-BF4B-00C04F79EFBC}") = "13_Visitor", "13_Visitor\13_Visitor.csproj", "{19792AA9-899A-4A6C-BB2A-792F1111888C}"
EndProject
Project("{FAE04EC0-301F-11D3-BF4B-00C04F79EFBC}") = "14_ChainOfResponsibility", "14_ChainOfResponsibility\14_ChainOfResponsibility.csproj", "{CA754533-1F18-4165-862A-5A799E4FD2FB}"
EndProject
Project("{FAE04EC0-301F-11D3-BF4B-00C04F79EFBC}") = "15_Facade", "15_Facade\15_Facade.csproj", "{9BA5D0EC-7EB4-442E-A251-4B6DF8BF93A8}"
EndProject
Project("{FAE04EC0-301F-11D3-BF4B-00C04F79EFBC}") = "16_Mediator", "16_Mediator\16_Mediator.csproj", "{4EDE74CD-C450-4833-BEF4-4AD6A9DC8746}"
EndProject
Project("{FAE04EC0-301F-11D3-BF4B-00C04F79EFBC}") = "17_Observer", "17_Observer\17_Observer.csproj", "{5F81934F-CBC0-4257-80BA-BE8BEDDC986F}"
EndProject
Project("{FAE04EC0-301F-11D3-BF4B-00C04F79EFBC}") = "18_Memento", "18_Memento\18_Memento.csproj", "{D0D4995F-63B5-41E3-B89D-2FD7AB46A58D}"
EndProject
Project("{FAE04EC0-301F-11D3-BF4B-00C04F79EFBC}") = "19_State", "19_State\19_State.csproj", "{3F094741-AC52-4571-8BF0-32C98A85085F}"
EndProject
Project("{FAE04EC0-301F-11D3-BF4B-00C04F79EFBC}") = "20_Flyweight", "20_Flyweight\20_Flyweight.csproj", "{79154C92-E98E-46BC-BACC-1BCF617A8F3F}"
EndProject
Project("{FAE04EC0-301F-11D3-BF4B-00C04F79EFBC}") = "21_Proxy", "21_Proxy\21_Proxy.csproj", "{1971E03C-A065-44C9-B603-C58645A1DDC8}"
EndProject
Project("{FAE04EC0-301F-11D3-BF4B-00C04F79EFBC}") = "22_Command", "22_Command\22_Command.csproj", "{EDAEACFE-8F7A-47EE-B23C-B3986DB66C3B}"
EndProject
Project("{FAE04EC0-301F-11D3-BF4B-00C04F79EFBC}") = "23_Interpreter", "23_Interpreter\23_Interpreter.csproj", "{B2D3C17D-BA31-41E7-B0E1-FA4F564DAD92}"
EndProject
Global
	GlobalSection(SolutionConfigurationPlatforms) = preSolution
		Debug|Any CPU = Debug|Any CPU
		Release|Any CPU = Release|Any CPU
	EndGlobalSection
	GlobalSection(ProjectConfigurationPlatforms) = postSolution
		{9C89CDA9-5F82-42AE-BDBD-FA53E3C234E9}.Debug|Any CPU.ActiveCfg = Debug|Any CPU
		{9C89CDA9-5F82-42AE-BDBD-FA53E3C234E9}.Debug|Any CPU.Build.0 = Debug|Any CPU
		{9C89CDA9-5F82-42AE-BDBD-FA53E3C234E9}.Release|Any CPU.ActiveCfg = Release|Any CPU
		{9C89CDA9-5F82-42AE-BDBD-FA53E3C234E9}.Release|Any CPU.Build.0 = Release|Any CPU
		{614F9FDD-E638-4B51-B363-48F93B30EC2C}.Debug|Any CPU.ActiveCfg = Debug|Any CPU
		{614F9FDD-E638-4B51-B363-48F93B30EC2C}.Debug|Any CPU.Build.0 = Debug|Any CPU
		{614F9FDD-E638-4B51-B363-48F93B30EC2C}.Release|Any CPU.ActiveCfg = Release|Any CPU
		{614F9FDD-E638-4B51-B363-48F93B30EC2C}.Release|Any CPU.Build.0 = Release|Any CPU
		{E47854DE-1D3B-4BEF-9465-C03BCE7EFB13}.Debug|Any CPU.ActiveCfg = Debug|Any CPU
		{E47854DE-1D3B-4BEF-9465-C03BCE7EFB13}.Debug|Any CPU.Build.0 = Debug|Any CPU
		{E47854DE-1D3B-4BEF-9465-C03BCE7EFB13}.Release|Any CPU.ActiveCfg = Release|Any CPU
		{E47854DE-1D3B-4BEF-9465-C03BCE7EFB13}.Release|Any CPU.Build.0 = Release|Any CPU
		{22D2ADCB-2696-4F1D-9CB4-644C13B9DDB7}.Debug|Any CPU.ActiveCfg = Debug|Any CPU
		{22D2ADCB-2696-4F1D-9CB4-644C13B9DDB7}.Debug|Any CPU.Build.0 = Debug|Any CPU
		{22D2ADCB-2696-4F1D-9CB4-644C13B9DDB7}.Release|Any CPU.ActiveCfg = Release|Any CPU
		{22D2ADCB-2696-4F1D-9CB4-644C13B9DDB7}.Release|Any CPU.Build.0 = Release|Any CPU
		{4A7DE62B-B2C1-4648-8B2D-E27DB6E58988}.Debug|Any CPU.ActiveCfg = Debug|Any CPU
		{4A7DE62B-B2C1-4648-8B2D-E27DB6E58988}.Debug|Any CPU.Build.0 = Debug|Any CPU
		{4A7DE62B-B2C1-4648-8B2D-E27DB6E58988}.Release|Any CPU.ActiveCfg = Release|Any CPU
		{4A7DE62B-B2C1-4648-8B2D-E27DB6E58988}.Release|Any CPU.Build.0 = Release|Any CPU
		{0274C4BC-0FE8-4B7B-AC2D-D842B39A30BC}.Debug|Any CPU.ActiveCfg = Debug|Any CPU
		{0274C4BC-0FE8-4B7B-AC2D-D842B39A30BC}.Debug|Any CPU.Build.0 = Debug|Any CPU
		{0274C4BC-0FE8-4B7B-AC2D-D842B39A30BC}.Release|Any CPU.ActiveCfg = Release|Any CPU
		{0274C4BC-0FE8-4B7B-AC2D-D842B39A30BC}.Release|Any CPU.Build.0 = Release|Any CPU
		{D81F9FF8-BC80-4327-8E94-6BB10F025581}.Debug|Any CPU.ActiveCfg = Debug|Any CPU
		{D81F9FF8-BC80-4327-8E94-6BB10F025581}.Debug|Any CPU.Build.0 = Debug|Any CPU
		{D81F9FF8-BC80-4327-8E94-6BB10F025581}.Release|Any CPU.ActiveCfg = Release|Any CPU
		{D81F9FF8-BC80-4327-8E94-6BB10F025581}.Release|Any CPU.Build.0 = Release|Any CPU
		{4C0DFE9C-8B32-4AFE-B697-0B00FE983A09}.Debug|Any CPU.ActiveCfg = Debug|Any CPU
		{4C0DFE9C-8B32-4AFE-B697-0B00FE983A09}.Debug|Any CPU.Build.0 = Debug|Any CPU
		{4C0DFE9C-8B32-4AFE-B697-0B00FE983A09}.Release|Any CPU.ActiveCfg = Release|Any CPU
		{4C0DFE9C-8B32-4AFE-B697-0B00FE983A09}.Release|Any CPU.Build.0 = Release|Any CPU
		{40B6F85B-D5B0-4EE7-BFDA-6F5450216E08}.Debug|Any CPU.ActiveCfg = Debug|Any CPU
		{40B6F85B-D5B0-4EE7-BFDA-6F5450216E08}.Debug|Any CPU.Build.0 = Debug|Any CPU
		{40B6F85B-D5B0-4EE7-BFDA-6F5450216E08}.Release|Any CPU.ActiveCfg = Release|Any CPU
		{40B6F85B-D5B0-4EE7-BFDA-6F5450216E08}.Release|Any CPU.Build.0 = Release|Any CPU
		{EF252E1E-075A-4D12-89D2-3619425C9095}.Debug|Any CPU.ActiveCfg = Debug|Any CPU
		{EF252E1E-075A-4D12-89D2-3619425C9095}.Debug|Any CPU.Build.0 = Debug|Any CPU
		{EF252E1E-075A-4D12-89D2-3619425C9095}.Release|Any CPU.ActiveCfg = Release|Any CPU
		{EF252E1E-075A-4D12-89D2-3619425C9095}.Release|Any CPU.Build.0 = Release|Any CPU
		{F118C352-0778-437C-BF25-6C809436BE7F}.Debug|Any CPU.ActiveCfg = Debug|Any CPU
		{F118C352-0778-437C-BF25-6C809436BE7F}.Debug|Any CPU.Build.0 = Debug|Any CPU
		{F118C352-0778-437C-BF25-6C809436BE7F}.Release|Any CPU.ActiveCfg = Release|Any CPU
		{F118C352-0778-437C-BF25-6C809436BE7F}.Release|Any CPU.Build.0 = Release|Any CPU
		{5A2C372A-E46B-4777-8178-A8A898731E8C}.Debug|Any CPU.ActiveCfg = Debug|Any CPU
		{5A2C372A-E46B-4777-8178-A8A898731E8C}.Debug|Any CPU.Build.0 = Debug|Any CPU
		{5A2C372A-E46B-4777-8178-A8A898731E8C}.Release|Any CPU.ActiveCfg = Release|Any CPU
		{5A2C372A-E46B-4777-8178-A8A898731E8C}.Release|Any CPU.Build.0 = Release|Any CPU
		{19792AA9-899A-4A6C-BB2A-792F1111888C}.Debug|Any CPU.ActiveCfg = Debug|Any CPU
		{19792AA9-899A-4A6C-BB2A-792F1111888C}.Debug|Any CPU.Build.0 = Debug|Any CPU
		{19792AA9-899A-4A6C-BB2A-792F1111888C}.Release|Any CPU.ActiveCfg = Release|Any CPU
		{19792AA9-899A-4A6C-BB2A-792F1111888C}.Release|Any CPU.Build.0 = Release|Any CPU
		{CA754533-1F18-4165-862A-5A799E4FD2FB}.Debug|Any CPU.ActiveCfg = Debug|Any CPU
		{CA754533-1F18-4165-862A-5A799E4FD2FB}.Debug|Any CPU.Build.0 = Debug|Any CPU
		{CA754533-1F18-4165-862A-5A799E4FD2FB}.Release|Any CPU.ActiveCfg = Release|Any CPU
		{CA754533-1F18-4165-862A-5A799E4FD2FB}.Release|Any CPU.Build.0 = Release|Any CPU
		{9BA5D0EC-7EB4-442E-A251-4B6DF8BF93A8}.Debug|Any CPU.ActiveCfg = Debug|Any CPU
		{9BA5D0EC-7EB4-442E-A251-4B6DF8BF93A8}.Debug|Any CPU.Build.0 = Debug|Any CPU
		{9BA5D0EC-7EB4-442E-A251-4B6DF8BF93A8}.Release|Any CPU.ActiveCfg = Release|Any CPU
		{9BA5D0EC-7EB4-442E-A251-4B6DF8BF93A8}.Release|Any CPU.Build.0 = Release|Any CPU
		{4EDE74CD-C450-4833-BEF4-4AD6A9DC8746}.Debug|Any CPU.ActiveCfg = Debug|Any CPU
		{4EDE74CD-C450-4833-BEF4-4AD6A9DC8746}.Debug|Any CPU.Build.0 = Debug|Any CPU
		{4EDE74CD-C450-4833-BEF4-4AD6A9DC8746}.Release|Any CPU.ActiveCfg = Release|Any CPU
		{4EDE74CD-C450-4833-BEF4-4AD6A9DC8746}.Release|Any CPU.Build.0 = Release|Any CPU
		{5F81934F-CBC0-4257-80BA-BE8BEDDC986F}.Debug|Any CPU.ActiveCfg = Debug|Any CPU
		{5F81934F-CBC0-4257-80BA-BE8BEDDC986F}.Debug|Any CPU.Build.0 = Debug|Any CPU
		{5F81934F-CBC0-4257-80BA-BE8BEDDC986F}.Release|Any CPU.ActiveCfg = Release|Any CPU
		{5F81934F-CBC0-4257-80BA-BE8BEDDC986F}.Release|Any CPU.Build.0 = Release|Any CPU
		{D0D4995F-63B5-41E3-B89D-2FD7AB46A58D}.Debug|Any CPU.ActiveCfg = Debug|Any CPU
		{D0D4995F-63B5-41E3-B89D-2FD7AB46A58D}.Debug|Any CPU.Build.0 = Debug|Any CPU
		{D0D4995F-63B5-41E3-B89D-2FD7AB46A58D}.Release|Any CPU.ActiveCfg = Release|Any CPU
		{D0D4995F-63B5-41E3-B89D-2FD7AB46A58D}.Release|Any CPU.Build.0 = Release|Any CPU
		{3F094741-AC52-4571-8BF0-32C98A85085F}.Debug|Any CPU.ActiveCfg = Debug|Any CPU
		{3F094741-AC52-4571-8BF0-32C98A85085F}.Debug|Any CPU.Build.0 = Debug|Any CPU
		{3F094741-AC52-4571-8BF0-32C98A85085F}.Release|Any CPU.ActiveCfg = Release|Any CPU
		{3F094741-AC52-4571-8BF0-32C98A85085F}.Release|Any CPU.Build.0 = Release|Any CPU
		{79154C92-E98E-46BC-BACC-1BCF617A8F3F}.Debug|Any CPU.ActiveCfg = Debug|Any CPU
		{79154C92-E98E-46BC-BACC-1BCF617A8F3F}.Debug|Any CPU.Build.0 = Debug|Any CPU
		{79154C92-E98E-46BC-BACC-1BCF617A8F3F}.Release|Any CPU.ActiveCfg = Release|Any CPU
		{79154C92-E98E-46BC-BACC-1BCF617A8F3F}.Release|Any CPU.Build.0 = Release|Any CPU
		{1971E03C-A065-44C9-B603-C58645A1DDC8}.Debug|Any CPU.ActiveCfg = Debug|Any CPU
		{1971E03C-A065-44C9-B603-C58645A1DDC8}.Debug|Any CPU.Build.0 = Debug|Any CPU
		{1971E03C-A065-44C9-B603-C58645A1DDC8}.Release|Any CPU.ActiveCfg = Release|Any CPU
		{1971E03C-A065-44C9-B603-C58645A1DDC8}.Release|Any CPU.Build.0 = Release|Any CPU
		{EDAEACFE-8F7A-47EE-B23C-B3986DB66C3B}.Debug|Any CPU.ActiveCfg = Debug|Any CPU
		{EDAEACFE-8F7A-47EE-B23C-B3986DB66C3B}.Debug|Any CPU.Build.0 = Debug|Any CPU
		{EDAEACFE-8F7A-47EE-B23C-B3986DB66C3B}.Release|Any CPU.ActiveCfg = Release|Any CPU
		{EDAEACFE-8F7A-47EE-B23C-B3986DB66C3B}.Release|Any CPU.Build.0 = Release|Any CPU
		{B2D3C17D-BA31-41E7-B0E1-FA4F564DAD92}.Debug|Any CPU.ActiveCfg = Debug|Any CPU
		{B2D3C17D-BA31-41E7-B0E1-FA4F564DAD92}.Debug|Any CPU.Build.0 = Debug|Any CPU
		{B2D3C17D-BA31-41E7-B0E1-FA4F564DAD92}.Release|Any CPU.ActiveCfg = Release|Any CPU
		{B2D3C17D-BA31-41E7-B0E1-FA4F564DAD92}.Release|Any CPU.Build.0 = Release|Any CPU
	EndGlobalSection
EndGlobal
